
Microsoft Visual Studio Solution File, Format Version 12.00
# Visual Studio 2013
VisualStudioVersion = 12.0.30723.0
MinimumVisualStudioVersion = 10.0.40219.1
Project("{FAE04EC0-301F-11D3-BF4B-00C04F79EFBC}") = "WithSqlServer", "WithSqlServer\WithSqlServer.csproj", "{9CBAF8C7-CD02-40FD-B8C4-BF03FAD1C3E9}"
EndProject
Project("{FAE04EC0-301F-11D3-BF4B-00C04F79EFBC}") = "Test.WithSqlServer", "Test.WithSqlServer\Test.WithSqlServer.csproj", "{731E8F74-2A84-44DD-A48C-40346F7CEE86}"
EndProject
Project("{FAE04EC0-301F-11D3-BF4B-00C04F79EFBC}") = "WithSqlCompact", "WithSqlCompact\WithSqlCompact.csproj", "{2054AACA-2C47-490B-A44E-25BB2B182843}"
EndProject
Project("{FAE04EC0-301F-11D3-BF4B-00C04F79EFBC}") = "Test.WithSqlCompact", "Test.WithSqlCompact\Test.WithSqlCompact.csproj", "{BCBCA72A-6A68-4D58-BD1A-A8EAD995EEB6}"
EndProject
Global
	GlobalSection(SolutionConfigurationPlatforms) = preSolution
		Debug|Any CPU = Debug|Any CPU
		Release|Any CPU = Release|Any CPU
	EndGlobalSection
	GlobalSection(ProjectConfigurationPlatforms) = postSolution
		{9CBAF8C7-CD02-40FD-B8C4-BF03FAD1C3E9}.Debug|Any CPU.ActiveCfg = Debug|Any CPU
		{9CBAF8C7-CD02-40FD-B8C4-BF03FAD1C3E9}.Debug|Any CPU.Build.0 = Debug|Any CPU
		{9CBAF8C7-CD02-40FD-B8C4-BF03FAD1C3E9}.Release|Any CPU.ActiveCfg = Release|Any CPU
		{9CBAF8C7-CD02-40FD-B8C4-BF03FAD1C3E9}.Release|Any CPU.Build.0 = Release|Any CPU
		{731E8F74-2A84-44DD-A48C-40346F7CEE86}.Debug|Any CPU.ActiveCfg = Debug|Any CPU
		{731E8F74-2A84-44DD-A48C-40346F7CEE86}.Debug|Any CPU.Build.0 = Debug|Any CPU
		{731E8F74-2A84-44DD-A48C-40346F7CEE86}.Release|Any CPU.ActiveCfg = Release|Any CPU
		{731E8F74-2A84-44DD-A48C-40346F7CEE86}.Release|Any CPU.Build.0 = Release|Any CPU
		{2054AACA-2C47-490B-A44E-25BB2B182843}.Debug|Any CPU.ActiveCfg = Debug|Any CPU
		{2054AACA-2C47-490B-A44E-25BB2B182843}.Debug|Any CPU.Build.0 = Debug|Any CPU
		{2054AACA-2C47-490B-A44E-25BB2B182843}.Release|Any CPU.ActiveCfg = Release|Any CPU
		{2054AACA-2C47-490B-A44E-25BB2B182843}.Release|Any CPU.Build.0 = Release|Any CPU
		{BCBCA72A-6A68-4D58-BD1A-A8EAD995EEB6}.Debug|Any CPU.ActiveCfg = Debug|Any CPU
		{BCBCA72A-6A68-4D58-BD1A-A8EAD995EEB6}.Debug|Any CPU.Build.0 = Debug|Any CPU
		{BCBCA72A-6A68-4D58-BD1A-A8EAD995EEB6}.Release|Any CPU.ActiveCfg = Release|Any CPU
		{BCBCA72A-6A68-4D58-BD1A-A8EAD995EEB6}.Release|Any CPU.Build.0 = Release|Any CPU
	EndGlobalSection
	GlobalSection(SolutionProperties) = preSolution
		HideSolutionNode = FALSE
	EndGlobalSection
EndGlobal
